
Microsoft Visual Studio Solution File, Format Version 12.00
# Visual Studio Version 17
VisualStudioVersion = 17.1.32210.238
MinimumVisualStudioVersion = 10.0.40219.1
Project("{FAE04EC0-301F-11D3-BF4B-00C04F79EFBC}") = "GUI", "GUI.csproj", "{6923E462-E283-40A9-9A98-4C57E086AF8D}"
EndProject
Project("{FAE04EC0-301F-11D3-BF4B-00C04F79EFBC}") = "BUS", "..\BUS\BUS.csproj", "{E7C0E055-A523-47F3-B927-1BEBDA25087C}"
EndProject
Project("{FAE04EC0-301F-11D3-BF4B-00C04F79EFBC}") = "DAL", "..\DAL\DAL.csproj", "{40ED638D-CA54-4302-BF5C-5CBDDCF4E6A7}"
EndProject
Project("{FAE04EC0-301F-11D3-BF4B-00C04F79EFBC}") = "DTO", "..\DTO\DTO.csproj", "{7D37EFA4-2418-425C-B7B5-7A77F580F8D6}"
EndProject
Global
	GlobalSection(SolutionConfigurationPlatforms) = preSolution
		Debug|Any CPU = Debug|Any CPU
		Release|Any CPU = Release|Any CPU
	EndGlobalSection
	GlobalSection(ProjectConfigurationPlatforms) = postSolution
		{6923E462-E283-40A9-9A98-4C57E086AF8D}.Debug|Any CPU.ActiveCfg = Debug|Any CPU
		{6923E462-E283-40A9-9A98-4C57E086AF8D}.Debug|Any CPU.Build.0 = Debug|Any CPU
		{6923E462-E283-40A9-9A98-4C57E086AF8D}.Release|Any CPU.ActiveCfg = Release|Any CPU
		{6923E462-E283-40A9-9A98-4C57E086AF8D}.Release|Any CPU.Build.0 = Release|Any CPU
		{E7C0E055-A523-47F3-B927-1BEBDA25087C}.Debug|Any CPU.ActiveCfg = Debug|Any CPU
		{E7C0E055-A523-47F3-B927-1BEBDA25087C}.Debug|Any CPU.Build.0 = Debug|Any CPU
		{E7C0E055-A523-47F3-B927-1BEBDA25087C}.Release|Any CPU.ActiveCfg = Release|Any CPU
		{E7C0E055-A523-47F3-B927-1BEBDA25087C}.Release|Any CPU.Build.0 = Release|Any CPU
		{40ED638D-CA54-4302-BF5C-5CBDDCF4E6A7}.Debug|Any CPU.ActiveCfg = Debug|Any CPU
		{40ED638D-CA54-4302-BF5C-5CBDDCF4E6A7}.Debug|Any CPU.Build.0 = Debug|Any CPU
		{40ED638D-CA54-4302-BF5C-5CBDDCF4E6A7}.Release|Any CPU.ActiveCfg = Release|Any CPU
		{40ED638D-CA54-4302-BF5C-5CBDDCF4E6A7}.Release|Any CPU.Build.0 = Release|Any CPU
		{7D37EFA4-2418-425C-B7B5-7A77F580F8D6}.Debug|Any CPU.ActiveCfg = Debug|Any CPU
		{7D37EFA4-2418-425C-B7B5-7A77F580F8D6}.Debug|Any CPU.Build.0 = Debug|Any CPU
		{7D37EFA4-2418-425C-B7B5-7A77F580F8D6}.Release|Any CPU.ActiveCfg = Release|Any CPU
		{7D37EFA4-2418-425C-B7B5-7A77F580F8D6}.Release|Any CPU.Build.0 = Release|Any CPU
	EndGlobalSection
	GlobalSection(SolutionProperties) = preSolution
		HideSolutionNode = FALSE
	EndGlobalSection
	GlobalSection(ExtensibilityGlobals) = postSolution
		SolutionGuid = {25819ACC-1E8F-46D1-9EE5-F14A13B97FD9}
	EndGlobalSection
EndGlobal
